// !$*UTF8*$!
{
	archiveVersion = 1;
	classes = {
	};
	objectVersion = 56;
	objects = {

/* Begin PBXBuildFile section */
		A10000000000000000000001 /* TransparentMirrorApp.swift in Sources */ = {isa = PBXBuildFile; fileRef = A20000000000000000000001 /* TransparentMirrorApp.swift */; };
		A10000000000000000000002 /* MirrorModel.swift in Sources */ = {isa = PBXBuildFile; fileRef = A20000000000000000000002 /* MirrorModel.swift */; };
		A10000000000000000000003 /* MirrorCapture.swift in Sources */ = {isa = PBXBuildFile; fileRef = A20000000000000000000003 /* MirrorCapture.swift */; };
		A10000000000000000000004 /* MirrorFaceTracker.swift in Sources */ = {isa = PBXBuildFile; fileRef = A20000000000000000000004 /* MirrorFaceTracker.swift */; };
		A10000000000000000000005 /* MirrorRenderer.swift in Sources */ = {isa = PBXBuildFile; fileRef = A20000000000000000000005 /* MirrorRenderer.swift */; };
		A10000000000000000000006 /* MirrorMetalView.swift in Sources */ = {isa = PBXBuildFile; fileRef = A20000000000000000000006 /* MirrorMetalView.swift */; };
		A10000000000000000000007 /* MirrorView.swift in Sources */ = {isa = PBXBuildFile; fileRef = A20000000000000000000007 /* MirrorView.swift */; };
/* End PBXBuildFile section */

/* Begin PBXFileReference section */
		A20000000000000000000000 /* TransparentMirror.app */ = {isa = PBXFileReference; explicitFileType = wrapper.application; includeInIndex = 0; path = TransparentMirror.app; sourceTree = BUILT_PRODUCTS_DIR; };
		A20000000000000000000001 /* TransparentMirrorApp.swift */ = {isa = PBXFileReference; lastKnownFileType = sourcecode.swift; path = TransparentMirrorApp.swift; sourceTree = "<group>"; };
		A20000000000000000000002 /* MirrorModel.swift */ = {isa = PBXFileReference; lastKnownFileType = sourcecode.swift; path = MirrorModel.swift; sourceTree = "<group>"; };
		A20000000000000000000003 /* MirrorCapture.swift */ = {isa = PBXFileReference; lastKnownFileType = sourcecode.swift; path = MirrorCapture.swift; sourceTree = "<group>"; };
		A20000000000000000000004 /* MirrorFaceTracker.swift */ = {isa = PBXFileReference; lastKnownFileType = sourcecode.swift; path = MirrorFaceTracker.swift; sourceTree = "<group>"; };
		A20000000000000000000005 /* MirrorRenderer.swift */ = {isa = PBXFileReference; lastKnownFileType = sourcecode.swift; path = MirrorRenderer.swift; sourceTree = "<group>"; };
		A20000000000000000000006 /* MirrorMetalView.swift */ = {isa = PBXFileReference; lastKnownFileType = sourcecode.swift; path = MirrorMetalView.swift; sourceTree = "<group>"; };
		A20000000000000000000007 /* MirrorView.swift */ = {isa = PBXFileReference; lastKnownFileType = sourcecode.swift; path = MirrorView.swift; sourceTree = "<group>"; };
		A20000000000000000000008 /* Info.plist */ = {isa = PBXFileReference; lastKnownFileType = text.plist.xml; path = Info.plist; sourceTree = "<group>"; };
		A20000000000000000000009 /* MacMirror.entitlements */ = {isa = PBXFileReference; lastKnownFileType = text.plist.entitlements; path = MacMirror.entitlements; sourceTree = "<group>"; };
/* End PBXFileReference section */

/* Begin PBXFrameworksBuildPhase section */
		A30000000000000000000001 /* Frameworks */ = {isa = PBXFrameworksBuildPhase; buildActionMask = 2147483647; files = ( ); runOnlyForDeploymentPostprocessing = 0; };
/* End PBXFrameworksBuildPhase section */

/* Begin PBXGroup section */
		A40000000000000000000000 = {isa = PBXGroup; children = (A40000000000000000000001 /* App */, A40000000000000000000002 /* Capture */, A40000000000000000000003 /* Tracking */, A40000000000000000000004 /* Rendering */, A40000000000000000000005 /* UI */, A20000000000000000000008 /* Info.plist */, A20000000000000000000009 /* MacMirror.entitlements */, A40000000000000000000006 /* Products */); sourceTree = "<group>"; };
		A40000000000000000000001 /* App */ = {isa = PBXGroup; children = (A20000000000000000000001 /* TransparentMirrorApp.swift */, A20000000000000000000002 /* MirrorModel.swift */); path = App; sourceTree = "<group>"; };
		A40000000000000000000002 /* Capture */ = {isa = PBXGroup; children = (A20000000000000000000003 /* MirrorCapture.swift */); path = Capture; sourceTree = "<group>"; };
		A40000000000000000000003 /* Tracking */ = {isa = PBXGroup; children = (A20000000000000000000004 /* MirrorFaceTracker.swift */); path = Tracking; sourceTree = "<group>"; };
		A40000000000000000000004 /* Rendering */ = {isa = PBXGroup; children = (A20000000000000000000005 /* MirrorRenderer.swift */); path = Rendering; sourceTree = "<group>"; };
		A40000000000000000000005 /* UI */ = {isa = PBXGroup; children = (A20000000000000000000006 /* MirrorMetalView.swift */, A20000000000000000000007 /* MirrorView.swift */); path = UI; sourceTree = "<group>"; };
		A40000000000000000000006 /* Products */ = {isa = PBXGroup; children = (A20000000000000000000000 /* TransparentMirror.app */); name = Products; sourceTree = "<group>"; };
/* End PBXGroup section */

/* Begin PBXNativeTarget section */
		A50000000000000000000001 /* TransparentMirror */ = {isa = PBXNativeTarget; buildConfigurationList = A70000000000000000000002 /* Target configuration list */; buildPhases = (A30000000000000000000002 /* Sources */, A30000000000000000000001 /* Frameworks */, A30000000000000000000003 /* Resources */); buildRules = ( ); dependencies = ( ); name = TransparentMirror; productName = TransparentMirror; productReference = A20000000000000000000000 /* TransparentMirror.app */; productType = "com.apple.product-type.application"; };
/* End PBXNativeTarget section */

/* Begin PBXProject section */
		A60000000000000000000001 /* Project object */ = {isa = PBXProject; attributes = {LastUpgradeCheck = 1600; TargetAttributes = {A50000000000000000000001 = {CreatedOnToolsVersion = 16.0; }; }; }; buildConfigurationList = A70000000000000000000001 /* Project configuration list */; compatibilityVersion = "Xcode 14.0"; developmentRegion = en; hasScannedForEncodings = 0; knownRegions = (en, Base); mainGroup = A40000000000000000000000; productRefGroup = A40000000000000000000006 /* Products */; projectDirPath = ""; projectRoot = ""; targets = (A50000000000000000000001 /* TransparentMirror */); };
/* End PBXProject section */

/* Begin PBXResourcesBuildPhase section */
		A30000000000000000000003 /* Resources */ = {isa = PBXResourcesBuildPhase; buildActionMask = 2147483647; files = ( ); runOnlyForDeploymentPostprocessing = 0; };
/* End PBXResourcesBuildPhase section */

/* Begin PBXSourcesBuildPhase section */
		A30000000000000000000002 /* Sources */ = {isa = PBXSourcesBuildPhase; buildActionMask = 2147483647; files = (A10000000000000000000001 /* TransparentMirrorApp.swift in Sources */, A10000000000000000000002 /* MirrorModel.swift in Sources */, A10000000000000000000003 /* MirrorCapture.swift in Sources */, A10000000000000000000004 /* MirrorFaceTracker.swift in Sources */, A10000000000000000000005 /* MirrorRenderer.swift in Sources */, A10000000000000000000006 /* MirrorMetalView.swift in Sources */, A10000000000000000000007 /* MirrorView.swift in Sources */); runOnlyForDeploymentPostprocessing = 0; };
/* End PBXSourcesBuildPhase section */

/* Begin XCBuildConfiguration section */
		A80000000000000000000001 /* Debug */ = {
			isa = XCBuildConfiguration;
			buildSettings = {
				ALWAYS_SEARCH_USER_PATHS = NO;
				CLANG_ENABLE_MODULES = YES;
				CODE_SIGN_ENTITLEMENTS = MacMirror.entitlements;
				CODE_SIGN_STYLE = Automatic;
				CURRENT_PROJECT_VERSION = 1;
				GENERATE_INFOPLIST_FILE = NO;
				INFOPLIST_FILE = Info.plist;
				MACOSX_DEPLOYMENT_TARGET = 13.0;
				PRODUCT_BUNDLE_IDENTIFIER = com.mariuspatrik.TransparentMirror;
				PRODUCT_NAME = "$(TARGET_NAME)";
				SDKROOT = macosx;
				SUPPORTED_PLATFORMS = "macosx";
				SWIFT_VERSION = 5.0;
			};
			name = Debug;
		};
		A80000000000000000000002 /* Release */ = {
			isa = XCBuildConfiguration;
			buildSettings = {
				ALWAYS_SEARCH_USER_PATHS = NO;
				CLANG_ENABLE_MODULES = YES;
				CODE_SIGN_ENTITLEMENTS = MacMirror.entitlements;
				CODE_SIGN_STYLE = Automatic;
				CURRENT_PROJECT_VERSION = 1;
				GENERATE_INFOPLIST_FILE = NO;
				INFOPLIST_FILE = Info.plist;
				MACOSX_DEPLOYMENT_TARGET = 13.0;
				PRODUCT_BUNDLE_IDENTIFIER = com.mariuspatrik.TransparentMirror;
				PRODUCT_NAME = "$(TARGET_NAME)";
				SDKROOT = macosx;
				SUPPORTED_PLATFORMS = "macosx";
				SWIFT_VERSION = 5.0;
			};
			name = Release;
		};
/* End XCBuildConfiguration section */

/* Begin XCConfigurationList section */
		A70000000000000000000001 /* Project configuration list */ = {
			isa = XCConfigurationList;
			buildConfigurations = (
				A80000000000000000000001 /* Debug */,
				A80000000000000000000002 /* Release */,
			);
			defaultConfigurationIsVisible = 0;
			defaultConfigurationName = Release;
		};
		A70000000000000000000002 /* Target configuration list */ = {
			isa = XCConfigurationList;
			buildConfigurations = (
				A80000000000000000000001 /* Debug */,
				A80000000000000000000002 /* Release */,
			);
			defaultConfigurationIsVisible = 0;
			defaultConfigurationName = Release;
		};
/* End XCConfigurationList section */
	};
	rootObject = A60000000000000000000001 /* Project object */;
}
